
Microsoft Visual Studio Solution File, Format Version 12.00
# Visual Studio Version 17
VisualStudioVersion = 17.8.34511.84
MinimumVisualStudioVersion = 10.0.40219.1
Project("{FAE04EC0-301F-11D3-BF4B-00C04F79EFBC}") = "ltwnc", "ltwnc\ltwnc.csproj", "{2C95FE57-1D12-4740-861A-B744E6F9B236}"
EndProject
Global
	GlobalSection(SolutionConfigurationPlatforms) = preSolution
		Debug|Any CPU = Debug|Any CPU
		Release|Any CPU = Release|Any CPU
	EndGlobalSection
	GlobalSection(ProjectConfigurationPlatforms) = postSolution
		{2C95FE57-1D12-4740-861A-B744E6F9B236}.Debug|Any CPU.ActiveCfg = Debug|Any CPU
		{2C95FE57-1D12-4740-861A-B744E6F9B236}.Debug|Any CPU.Build.0 = Debug|Any CPU
		{2C95FE57-1D12-4740-861A-B744E6F9B236}.Release|Any CPU.ActiveCfg = Release|Any CPU
		{2C95FE57-1D12-4740-861A-B744E6F9B236}.Release|Any CPU.Build.0 = Release|Any CPU
	EndGlobalSection
	GlobalSection(SolutionProperties) = preSolution
		HideSolutionNode = FALSE
	EndGlobalSection
	GlobalSection(ExtensibilityGlobals) = postSolution
		SolutionGuid = {A0560A9D-A29B-4A75-B835-505A0A29FBF1}
	EndGlobalSection
EndGlobal
